Microsoft Visual Studio Solution File, Format Version 12.00
# Visual Studio Version 17
VisualStudioVersion = 17.5.2.0
MinimumVisualStudioVersion = 10.0.40219.1
Project("{FAE04EC0-301F-11D3-BF4B-00C04F79EFBC}") = "Factory", "Factory.csproj", "{A6E105A2-B742-9DD9-135A-0418B48C9698}"
EndProject
Global
	GlobalSection(SolutionConfigurationPlatforms) = preSolution
		Debug|Any CPU = Debug|Any CPU
		Release|Any CPU = Release|Any CPU
	EndGlobalSection
	GlobalSection(ProjectConfigurationPlatforms) = postSolution
		{A6E105A2-B742-9DD9-135A-0418B48C9698}.Debug|Any CPU.ActiveCfg = Debug|Any CPU
		{A6E105A2-B742-9DD9-135A-0418B48C9698}.Debug|Any CPU.Build.0 = Debug|Any CPU
		{A6E105A2-B742-9DD9-135A-0418B48C9698}.Release|Any CPU.ActiveCfg = Release|Any CPU
		{A6E105A2-B742-9DD9-135A-0418B48C9698}.Release|Any CPU.Build.0 = Release|Any CPU
	EndGlobalSection
	GlobalSection(SolutionProperties) = preSolution
		HideSolutionNode = FALSE
	EndGlobalSection
	GlobalSection(ExtensibilityGlobals) = postSolution
		SolutionGuid = {1BB77D65-D501-4EB8-91A0-437C37D80313}
	EndGlobalSection
EndGlobal
