Microsoft Visual Studio Solution File, Format Version 12.00
# Visual Studio Version 17
VisualStudioVersion = 17.5.2.0
MinimumVisualStudioVersion = 10.0.40219.1
Project("{FAE04EC0-301F-11D3-BF4B-00C04F79EFBC}") = "Builder", "Builder.csproj", "{B42A9186-1EA1-7B5F-8E25-08699A9314C9}"
EndProject
Global
	GlobalSection(SolutionConfigurationPlatforms) = preSolution
		Debug|Any CPU = Debug|Any CPU
		Release|Any CPU = Release|Any CPU
	EndGlobalSection
	GlobalSection(ProjectConfigurationPlatforms) = postSolution
		{B42A9186-1EA1-7B5F-8E25-08699A9314C9}.Debug|Any CPU.ActiveCfg = Debug|Any CPU
		{B42A9186-1EA1-7B5F-8E25-08699A9314C9}.Debug|Any CPU.Build.0 = Debug|Any CPU
		{B42A9186-1EA1-7B5F-8E25-08699A9314C9}.Release|Any CPU.ActiveCfg = Release|Any CPU
		{B42A9186-1EA1-7B5F-8E25-08699A9314C9}.Release|Any CPU.Build.0 = Release|Any CPU
	EndGlobalSection
	GlobalSection(SolutionProperties) = preSolution
		HideSolutionNode = FALSE
	EndGlobalSection
	GlobalSection(ExtensibilityGlobals) = postSolution
		SolutionGuid = {1BEA3D95-D7A0-4CF4-93BE-5BAE0DA2B920}
	EndGlobalSection
EndGlobal
