
Microsoft Visual Studio Solution File, Format Version 12.00
# Visual Studio Version 17
VisualStudioVersion = 17.7.34031.279
MinimumVisualStudioVersion = 10.0.40219.1
Project("{FAE04EC0-301F-11D3-BF4B-00C04F79EFBC}") = "RateLimiter", "RateLimiter\RateLimiter.csproj", "{36EA9659-7209-4CD9-9F91-21BF5BF21A26}"
EndProject
Project("{FAE04EC0-301F-11D3-BF4B-00C04F79EFBC}") = "Client", "Client\Client.csproj", "{625413E2-50B5-445F-AAC4-C3101513BACA}"
EndProject
Global
	GlobalSection(SolutionConfigurationPlatforms) = preSolution
		Debug|Any CPU = Debug|Any CPU
		Release|Any CPU = Release|Any CPU
	EndGlobalSection
	GlobalSection(ProjectConfigurationPlatforms) = postSolution
		{36EA9659-7209-4CD9-9F91-21BF5BF21A26}.Debug|Any CPU.ActiveCfg = Debug|Any CPU
		{36EA9659-7209-4CD9-9F91-21BF5BF21A26}.Debug|Any CPU.Build.0 = Debug|Any CPU
		{36EA9659-7209-4CD9-9F91-21BF5BF21A26}.Release|Any CPU.ActiveCfg = Release|Any CPU
		{36EA9659-7209-4CD9-9F91-21BF5BF21A26}.Release|Any CPU.Build.0 = Release|Any CPU
		{625413E2-50B5-445F-AAC4-C3101513BACA}.Debug|Any CPU.ActiveCfg = Debug|Any CPU
		{625413E2-50B5-445F-AAC4-C3101513BACA}.Debug|Any CPU.Build.0 = Debug|Any CPU
		{625413E2-50B5-445F-AAC4-C3101513BACA}.Release|Any CPU.ActiveCfg = Release|Any CPU
		{625413E2-50B5-445F-AAC4-C3101513BACA}.Release|Any CPU.Build.0 = Release|Any CPU
	EndGlobalSection
	GlobalSection(SolutionProperties) = preSolution
		HideSolutionNode = FALSE
	EndGlobalSection
	GlobalSection(ExtensibilityGlobals) = postSolution
		SolutionGuid = {88A7BE1D-C05A-4924-A3C9-B75887BD24FA}
	EndGlobalSection
EndGlobal
