Microsoft Visual Studio Solution File, Format Version 12.00
# Visual Studio Version 17
VisualStudioVersion = 17.5.2.0
MinimumVisualStudioVersion = 10.0.40219.1
Project("{FAE04EC0-301F-11D3-BF4B-00C04F79EFBC}") = "Visitor", "Visitor.csproj", "{D28D305B-A3F4-4A3B-0DEC-4F22C24CD5F6}"
EndProject
Global
	GlobalSection(SolutionConfigurationPlatforms) = preSolution
		Debug|Any CPU = Debug|Any CPU
		Release|Any CPU = Release|Any CPU
	EndGlobalSection
	GlobalSection(ProjectConfigurationPlatforms) = postSolution
		{D28D305B-A3F4-4A3B-0DEC-4F22C24CD5F6}.Debug|Any CPU.ActiveCfg = Debug|Any CPU
		{D28D305B-A3F4-4A3B-0DEC-4F22C24CD5F6}.Debug|Any CPU.Build.0 = Debug|Any CPU
		{D28D305B-A3F4-4A3B-0DEC-4F22C24CD5F6}.Release|Any CPU.ActiveCfg = Release|Any CPU
		{D28D305B-A3F4-4A3B-0DEC-4F22C24CD5F6}.Release|Any CPU.Build.0 = Release|Any CPU
	EndGlobalSection
	GlobalSection(SolutionProperties) = preSolution
		HideSolutionNode = FALSE
	EndGlobalSection
	GlobalSection(ExtensibilityGlobals) = postSolution
		SolutionGuid = {1D4A8006-6CFF-481C-B288-A55AF0468551}
	EndGlobalSection
EndGlobal
